
Microsoft Visual Studio Solution File, Format Version 12.00
# Visual Studio Version 16
VisualStudioVersion = 16.0.31205.134
MinimumVisualStudioVersion = 10.0.40219.1
Project("{8BC9CEB8-8B4A-11D0-8D11-00A0C91BC942}") = "COAL Project", "COAL Project.vcxproj", "{8A27CF3E-8B23-41D6-B0A2-4504436FA4AC}"
EndProject
Global
	GlobalSection(SolutionConfigurationPlatforms) = preSolution
		Debug|x64 = Debug|x64
		Debug|x86 = Debug|x86
		Release|x64 = Release|x64
		Release|x86 = Release|x86
	EndGlobalSection
	GlobalSection(ProjectConfigurationPlatforms) = postSolution
		{8A27CF3E-8B23-41D6-B0A2-4504436FA4AC}.Debug|x64.ActiveCfg = Debug|x64
		{8A27CF3E-8B23-41D6-B0A2-4504436FA4AC}.Debug|x64.Build.0 = Debug|x64
		{8A27CF3E-8B23-41D6-B0A2-4504436FA4AC}.Debug|x86.ActiveCfg = Debug|Win32
		{8A27CF3E-8B23-41D6-B0A2-4504436FA4AC}.Debug|x86.Build.0 = Debug|Win32
		{8A27CF3E-8B23-41D6-B0A2-4504436FA4AC}.Release|x64.ActiveCfg = Release|x64
		{8A27CF3E-8B23-41D6-B0A2-4504436FA4AC}.Release|x64.Build.0 = Release|x64
		{8A27CF3E-8B23-41D6-B0A2-4504436FA4AC}.Release|x86.ActiveCfg = Release|Win32
		{8A27CF3E-8B23-41D6-B0A2-4504436FA4AC}.Release|x86.Build.0 = Release|Win32
	EndGlobalSection
	GlobalSection(SolutionProperties) = preSolution
		HideSolutionNode = FALSE
	EndGlobalSection
	GlobalSection(ExtensibilityGlobals) = postSolution
		SolutionGuid = {C217A645-325E-42AA-81DD-7BE8E8A11AAC}
	EndGlobalSection
EndGlobal
